
Microsoft Visual Studio Solution File, Format Version 11.00
# Visual Studio 2010
Project("{FAE04EC0-301F-11D3-BF4B-00C04F79EFBC}") = "Assembly-CSharp", "Assembly-CSharp.csproj", "{9d0fbe67-1c0d-88f5-21fc-d969d4b2956c}"
EndProject
Global
	GlobalSection(SolutionConfigurationPlatforms) = preSolution
		Debug|Any CPU = Debug|Any CPU
		Release|Any CPU = Release|Any CPU
	EndGlobalSection
	GlobalSection(ProjectConfigurationPlatforms) = postSolution
		{9d0fbe67-1c0d-88f5-21fc-d969d4b2956c}.Debug|Any CPU.ActiveCfg = Debug|Any CPU
		{9d0fbe67-1c0d-88f5-21fc-d969d4b2956c}.Debug|Any CPU.Build.0 = Debug|Any CPU
		{9d0fbe67-1c0d-88f5-21fc-d969d4b2956c}.Release|Any CPU.ActiveCfg = Release|Any CPU
		{9d0fbe67-1c0d-88f5-21fc-d969d4b2956c}.Release|Any CPU.Build.0 = Release|Any CPU
	EndGlobalSection
	GlobalSection(SolutionProperties) = preSolution
		HideSolutionNode = FALSE
	EndGlobalSection
EndGlobal
